
Microsoft Visual Studio Solution File, Format Version 12.00
# Visual Studio Version 16
VisualStudioVersion = 16.0.32602.291
MinimumVisualStudioVersion = 10.0.40219.1
Project("{9A19103F-16F7-4668-BE54-9A1E7A4F7556}") = "BookMyShow", "BookMyShow\BookMyShow.csproj", "{C6F28F18-13D1-40E9-B705-8C4A9FDFF276}"
EndProject
Project("{FAE04EC0-301F-11D3-BF4B-00C04F79EFBC}") = "BookMyShow.Models", "BookMyShow.Models\BookMyShow.Models.csproj", "{AE984F38-BB3C-470B-9F92-721999E1044C}"
EndProject
Project("{FAE04EC0-301F-11D3-BF4B-00C04F79EFBC}") = "BookMyShow.Database", "BookMyShow.Database\BookMyShow.Database.csproj", "{1404C354-8139-4508-B7FB-41A291EBD115}"
EndProject
Project("{FAE04EC0-301F-11D3-BF4B-00C04F79EFBC}") = "BookMyShow.Services", "BookMyShow.Services\BookMyShow.Services.csproj", "{454E99D8-7BE8-4352-9878-BE750F7A7E95}"
EndProject
Project("{FAE04EC0-301F-11D3-BF4B-00C04F79EFBC}") = "BookMyShow.ViewModels", "BookMyShow.ViewModels\BookMyShow.ViewModels.csproj", "{B579E792-31CC-4A36-8CD7-D291FFA6084D}"
EndProject
Global
	GlobalSection(SolutionConfigurationPlatforms) = preSolution
		Debug|Any CPU = Debug|Any CPU
		Release|Any CPU = Release|Any CPU
	EndGlobalSection
	GlobalSection(ProjectConfigurationPlatforms) = postSolution
		{C6F28F18-13D1-40E9-B705-8C4A9FDFF276}.Debug|Any CPU.ActiveCfg = Debug|Any CPU
		{C6F28F18-13D1-40E9-B705-8C4A9FDFF276}.Debug|Any CPU.Build.0 = Debug|Any CPU
		{C6F28F18-13D1-40E9-B705-8C4A9FDFF276}.Release|Any CPU.ActiveCfg = Release|Any CPU
		{C6F28F18-13D1-40E9-B705-8C4A9FDFF276}.Release|Any CPU.Build.0 = Release|Any CPU
		{AE984F38-BB3C-470B-9F92-721999E1044C}.Debug|Any CPU.ActiveCfg = Debug|Any CPU
		{AE984F38-BB3C-470B-9F92-721999E1044C}.Debug|Any CPU.Build.0 = Debug|Any CPU
		{AE984F38-BB3C-470B-9F92-721999E1044C}.Release|Any CPU.ActiveCfg = Release|Any CPU
		{AE984F38-BB3C-470B-9F92-721999E1044C}.Release|Any CPU.Build.0 = Release|Any CPU
		{1404C354-8139-4508-B7FB-41A291EBD115}.Debug|Any CPU.ActiveCfg = Debug|Any CPU
		{1404C354-8139-4508-B7FB-41A291EBD115}.Debug|Any CPU.Build.0 = Debug|Any CPU
		{1404C354-8139-4508-B7FB-41A291EBD115}.Release|Any CPU.ActiveCfg = Release|Any CPU
		{1404C354-8139-4508-B7FB-41A291EBD115}.Release|Any CPU.Build.0 = Release|Any CPU
		{454E99D8-7BE8-4352-9878-BE750F7A7E95}.Debug|Any CPU.ActiveCfg = Debug|Any CPU
		{454E99D8-7BE8-4352-9878-BE750F7A7E95}.Debug|Any CPU.Build.0 = Debug|Any CPU
		{454E99D8-7BE8-4352-9878-BE750F7A7E95}.Release|Any CPU.ActiveCfg = Release|Any CPU
		{454E99D8-7BE8-4352-9878-BE750F7A7E95}.Release|Any CPU.Build.0 = Release|Any CPU
		{B579E792-31CC-4A36-8CD7-D291FFA6084D}.Debug|Any CPU.ActiveCfg = Debug|Any CPU
		{B579E792-31CC-4A36-8CD7-D291FFA6084D}.Debug|Any CPU.Build.0 = Debug|Any CPU
		{B579E792-31CC-4A36-8CD7-D291FFA6084D}.Release|Any CPU.ActiveCfg = Release|Any CPU
		{B579E792-31CC-4A36-8CD7-D291FFA6084D}.Release|Any CPU.Build.0 = Release|Any CPU
	EndGlobalSection
	GlobalSection(SolutionProperties) = preSolution
		HideSolutionNode = FALSE
	EndGlobalSection
	GlobalSection(ExtensibilityGlobals) = postSolution
		SolutionGuid = {8C2C78B2-7867-42D7-A065-C739737D1825}
	EndGlobalSection
EndGlobal
